PODS:
  - IQKeyboardManagerSwift (7.0.1)
  - Kingfisher (7.11.0)
  - NISdk (5.1.6)
  - ProgressHUD (14.1.1)
  - Toast-Swift (5.1.0)

DEPENDENCIES:
  - IQKeyboardManagerSwift
  - Kingfisher
  - NISdk
  - ProgressHUD
  - Toast-Swift

SPEC REPOS:
  trunk:
    - IQKeyboardManagerSwift
    - Kingfisher
    - NISdk
    - ProgressHUD
    - Toast-Swift

SPEC CHECKSUMS:
  IQKeyboardManagerSwift: 7f6b1b1d1497855d2beea7f2f10ffcc6978525b1
  Kingfisher: b9c985d864d43515f404f1ef4a8ce7d802ace3ac
  NISdk: 6ea36e626a0407fe01e6185b4b536af3b1fd4d9f
  ProgressHUD: abb9136ae23c85204236828562cb9a8ec98efb44
  Toast-Swift: dd369e68ee529f542c65bd0d0c6c50cd743cf6f2

PODFILE CHECKSUM: 1a8d36025e0496fcac09fd4f25fca937480eaa3e

COCOAPODS: 1.14.3
